<?xml version="1.0" encoding="utf-8"?>
<Project ToolsVersion="4.0" xmlns="http://schemas.microsoft.com/developer/msbuild/2003">
  <ItemGroup>
    <Filter Include="소스 파일">
      <UniqueIdentifier>{4FC737F1-C7A5-4376-A066-2A32D752A2FF}</UniqueIdentifier>
      <Extensions>cpp;c;cc;cxx;c++;cppm;ixx;def;odl;idl;hpj;bat;asm;asmx</Extensions>
    </Filter>
    <Filter Include="헤더 파일">
      <UniqueIdentifier>{93995380-89BD-4b04-88EB-625FBE52EBFB}</UniqueIdentifier>
      <Extensions>h;hh;hpp;hxx;h++;hm;inl;inc;ipp;xsd</Extensions>
    </Filter>
    <Filter Include="리소스 파일">
      <UniqueIdentifier>{67DA6AB6-F800-4c08-8B7A-83BB121AAD01}</UniqueIdentifier>
      <Extensions>rc;ico;cur;bmp;dlg;rc2;rct;bin;rgs;gif;jpg;jpeg;jpe;resx;tiff;tif;png;wav;mfcribbon-ms</Extensions>
    </Filter>
  </ItemGroup>
  <ItemGroup>
    <ClCompile Include="입출력과 사칙연산, 반복문\알람 시계.cpp">
      <Filter>소스 파일</Filter>
    </ClCompile>
    <ClCompile Include="입출력과 사칙연산, 반복문\오븐 시계.cpp">
      <Filter>소스 파일</Filter>
    </ClCompile>
    <ClCompile Include="입출력과 사칙연산, 반복문\주사위 세개 B4.cpp">
      <Filter>소스 파일</Filter>
    </ClCompile>
    <ClCompile Include="입출력과 사칙연산, 반복문\구구단 B5.cpp">
      <Filter>소스 파일</Filter>
    </ClCompile>
    <ClCompile Include="입출력과 사칙연산, 반복문\A+B -3 B5.cpp">
      <Filter>소스 파일</Filter>
    </ClCompile>
    <ClCompile Include="입출력과 사칙연산, 반복문\합 B5.cpp">
      <Filter>소스 파일</Filter>
    </ClCompile>
    <ClCompile Include="입출력과 사칙연산, 반복문\영수증.cpp">
      <Filter>소스 파일</Filter>
    </ClCompile>
    <ClCompile Include="입출력과 사칙연산, 반복문\빠른 A+B.cpp">
      <Filter>소스 파일</Filter>
    </ClCompile>
    <ClCompile Include="입출력과 사칙연산, 반복문\A+B-7 B5.cpp">
      <Filter>소스 파일</Filter>
    </ClCompile>
    <ClCompile Include="입출력과 사칙연산, 반복문\A+B-8 B5.cpp">
      <Filter>소스 파일</Filter>
    </ClCompile>
    <ClCompile Include="입출력과 사칙연산, 반복문\별찍기1 B5.cpp">
      <Filter>소스 파일</Filter>
    </ClCompile>
    <ClCompile Include="입출력과 사칙연산, 반복문\별찍기 2 B4.cpp">
      <Filter>소스 파일</Filter>
    </ClCompile>
    <ClCompile Include="입출력과 사칙연산, 반복문\A+B-5 B5.cpp">
      <Filter>소스 파일</Filter>
    </ClCompile>
    <ClCompile Include="입출력과 사칙연산, 반복문\A+B-4 B5.cpp">
      <Filter>소스 파일</Filter>
    </ClCompile>
    <ClCompile Include="입출력과 사칙연산, 반복문\더하기 사이클 B1.cpp">
      <Filter>소스 파일</Filter>
    </ClCompile>
    <ClCompile Include="1차원 배열\개수 세기 B5.cpp">
      <Filter>소스 파일</Filter>
    </ClCompile>
    <ClCompile Include="1차원 배열\X보다 작은 수.cpp">
      <Filter>소스 파일</Filter>
    </ClCompile>
    <ClCompile Include="1차원 배열\최소 최대 B3.cpp">
      <Filter>소스 파일</Filter>
    </ClCompile>
    <ClCompile Include="1차원 배열\최댓값 B3.cpp">
      <Filter>소스 파일</Filter>
    </ClCompile>
    <ClCompile Include="1차원 배열\과제 안 내신 분 B5.cpp">
      <Filter>소스 파일</Filter>
    </ClCompile>
    <ClCompile Include="1차원 배열\나머지 B2.cpp">
      <Filter>소스 파일</Filter>
    </ClCompile>
    <ClCompile Include="1차원 배열\평균 B1.cpp">
      <Filter>소스 파일</Filter>
    </ClCompile>
    <ClCompile Include="1차원 배열\OX퀴즈 B2.cpp">
      <Filter>소스 파일</Filter>
    </ClCompile>
    <ClCompile Include="1차원 배열\평균은 넘겠지 B1.cpp">
      <Filter>소스 파일</Filter>
    </ClCompile>
    <ClCompile Include="함수\정수 N개의 합 B2.cpp">
      <Filter>소스 파일</Filter>
    </ClCompile>
    <ClCompile Include="함수\셀프 넘버 S5.cpp">
      <Filter>소스 파일</Filter>
    </ClCompile>
    <ClCompile Include="입출력과 사칙연산, 반복문\꼬마정민.cpp">
      <Filter>소스 파일</Filter>
    </ClCompile>
    <ClCompile Include="입출력과 사칙연산, 반복문\코딩은 체육과목 입니다.cpp">
      <Filter>소스 파일</Filter>
    </ClCompile>
    <ClCompile Include="1차원 배열\공 넣기.cpp">
      <Filter>소스 파일</Filter>
    </ClCompile>
    <ClCompile Include="심화\크로아티아 알파벳.cpp">
      <Filter>소스 파일</Filter>
    </ClCompile>
    <ClCompile Include="터렛.cpp">
      <Filter>소스 파일</Filter>
    </ClCompile>
    <ClCompile Include="행렬 덧셈.cpp">
      <Filter>소스 파일</Filter>
    </ClCompile>
    <ClCompile Include="색종이.cpp">
      <Filter>소스 파일</Filter>
    </ClCompile>
    <ClCompile Include="진법변환.cpp">
      <Filter>소스 파일</Filter>
    </ClCompile>
    <ClCompile Include="진법변환2%27.cpp">
      <Filter>소스 파일</Filter>
    </ClCompile>
    <ClCompile Include="세탁소 사장 동혁.cpp">
      <Filter>소스 파일</Filter>
    </ClCompile>
    <ClCompile Include="중앙 이동 알고리즘.cpp">
      <Filter>소스 파일</Filter>
    </ClCompile>
    <ClCompile Include="함수\벌집.cpp">
      <Filter>소스 파일</Filter>
    </ClCompile>
    <ClCompile Include="함수\분수.cpp">
      <Filter>소스 파일</Filter>
    </ClCompile>
    <ClCompile Include="함수\달패이는 올라가고 싶다.cpp">
      <Filter>소스 파일</Filter>
    </ClCompile>
    <ClCompile Include="큰 수 A+B.cpp">
      <Filter>소스 파일</Filter>
    </ClCompile>
    <ClCompile Include="배수와 약수.cpp">
      <Filter>소스 파일</Filter>
    </ClCompile>
    <ClCompile Include="약수 구하기.cpp">
      <Filter>소스 파일</Filter>
    </ClCompile>
    <ClCompile Include="세로읽기.cpp">
      <Filter>소스 파일</Filter>
    </ClCompile>
    <ClCompile Include="약수들의 합.cpp">
      <Filter>소스 파일</Filter>
    </ClCompile>
    <ClCompile Include="소수찾기.cpp">
      <Filter>소스 파일</Filter>
    </ClCompile>
    <ClCompile Include="소수.cpp">
      <Filter>소스 파일</Filter>
    </ClCompile>
    <ClCompile Include="소인수분해.cpp">
      <Filter>소스 파일</Filter>
    </ClCompile>
    <ClCompile Include="아기상어.cpp">
      <Filter>소스 파일</Filter>
    </ClCompile>
    <ClCompile Include="직사각형.cpp">
      <Filter>소스 파일</Filter>
    </ClCompile>
    <ClCompile Include="숨바꼭질3.cpp">
      <Filter>소스 파일</Filter>
    </ClCompile>
    <ClCompile Include="직사각형에서 탈출.cpp">
      <Filter>소스 파일</Filter>
    </ClCompile>
    <ClCompile Include="네 번째 점.cpp">
      <Filter>소스 파일</Filter>
    </ClCompile>
    <ClCompile Include="대지.cpp">
      <Filter>소스 파일</Filter>
    </ClCompile>
    <ClCompile Include="삼각형 외우기.cpp">
      <Filter>소스 파일</Filter>
    </ClCompile>
    <ClCompile Include="계단오르기.cpp">
      <Filter>소스 파일</Filter>
    </ClCompile>
    <ClCompile Include="삼각형과 세 변.cpp">
      <Filter>소스 파일</Filter>
    </ClCompile>
    <ClCompile Include="스택 수열.cpp">
      <Filter>소스 파일</Filter>
    </ClCompile>
    <ClCompile Include="세 막대.cpp">
      <Filter>소스 파일</Filter>
    </ClCompile>
    <ClCompile Include="동전 0.cpp">
      <Filter>소스 파일</Filter>
    </ClCompile>
    <ClCompile Include="알고리즘 수업 - 알고리즘의 수행 시간 1.cpp">
      <Filter>소스 파일</Filter>
    </ClCompile>
    <ClCompile Include="요세푸스 문제0.cpp">
      <Filter>소스 파일</Filter>
    </ClCompile>
    <ClCompile Include="알고리즘 수업 - 알고리즘의 수행시간 2.cpp">
      <Filter>소스 파일</Filter>
    </ClCompile>
    <ClCompile Include="1로 만들기.cpp">
      <Filter>소스 파일</Filter>
    </ClCompile>
    <ClCompile Include="수학은 비대면강의입니다.cpp">
      <Filter>소스 파일</Filter>
    </ClCompile>
    <ClCompile Include="N-Queen.cpp">
      <Filter>소스 파일</Filter>
    </ClCompile>
    <ClCompile Include="분해합.cpp">
      <Filter>소스 파일</Filter>
    </ClCompile>
    <ClCompile Include="영화감독 숌.cpp">
      <Filter>소스 파일</Filter>
    </ClCompile>
    <ClCompile Include="쉬운 계단 수.cpp">
      <Filter>소스 파일</Filter>
    </ClCompile>
    <ClCompile Include="설탕 배달.cpp">
      <Filter>소스 파일</Filter>
    </ClCompile>
    <ClCompile Include="test.cpp">
      <Filter>소스 파일</Filter>
    </ClCompile>
    <ClCompile Include="블랙잭.cpp">
      <Filter>소스 파일</Filter>
    </ClCompile>
    <ClCompile Include="수 정렬하기.cpp">
      <Filter>소스 파일</Filter>
    </ClCompile>
    <ClCompile Include="반복수열.cpp">
      <Filter>소스 파일</Filter>
    </ClCompile>
    <ClCompile Include="대표값2.cpp">
      <Filter>소스 파일</Filter>
    </ClCompile>
    <ClCompile Include="커트라인.cpp">
      <Filter>소스 파일</Filter>
    </ClCompile>
    <ClCompile Include="수 정렬하기 2.cpp">
      <Filter>소스 파일</Filter>
    </ClCompile>
    <ClCompile Include="수 정렬하기 3.cpp">
      <Filter>소스 파일</Filter>
    </ClCompile>
    <ClCompile Include="소트인사이드.cpp">
      <Filter>소스 파일</Filter>
    </ClCompile>
    <ClCompile Include="나무 자르기.cpp">
      <Filter>소스 파일</Filter>
    </ClCompile>
    <ClCompile Include="좌표 정렬하기.cpp">
      <Filter>소스 파일</Filter>
    </ClCompile>
    <ClCompile Include="색종이 만들기.cpp">
      <Filter>소스 파일</Filter>
    </ClCompile>
    <ClCompile Include="좌표 정렬하기 2.cpp">
      <Filter>소스 파일</Filter>
    </ClCompile>
    <ClCompile Include="스타트와 링크.cpp">
      <Filter>소스 파일</Filter>
    </ClCompile>
    <ClCompile Include="단어정렬.cpp">
      <Filter>소스 파일</Filter>
    </ClCompile>
    <ClCompile Include="다음 소수.cpp">
      <Filter>소스 파일</Filter>
    </ClCompile>
    <ClCompile Include="나이순 정렬.cpp">
      <Filter>소스 파일</Filter>
    </ClCompile>
    <ClCompile Include="좌표압축.cpp">
      <Filter>소스 파일</Filter>
    </ClCompile>
    <ClCompile Include="숫자 카드.cpp">
      <Filter>소스 파일</Filter>
    </ClCompile>
    <ClCompile Include="톱니바퀴.cpp">
      <Filter>소스 파일</Filter>
    </ClCompile>
    <ClCompile Include="23년 07월\문자열 집합.cpp">
      <Filter>소스 파일</Filter>
    </ClCompile>
    <ClCompile Include="23년 07월\쿼드트리l.cpp">
      <Filter>소스 파일</Filter>
    </ClCompile>
    <ClCompile Include="23년 07월\회사에 있는 사람.cpp">
      <Filter>소스 파일</Filter>
    </ClCompile>
    <ClCompile Include="23년 07월\종이의 개수.cpp">
      <Filter>소스 파일</Filter>
    </ClCompile>
    <ClCompile Include="23년 07월\나는야 포켓몬 마스터 이다솜.cpp">
      <Filter>소스 파일</Filter>
    </ClCompile>
    <ClCompile Include="23년 07월\포도주 시식.cpp">
      <Filter>소스 파일</Filter>
    </ClCompile>
    <ClCompile Include="23년 07월\숫자 카드2.cpp">
      <Filter>소스 파일</Filter>
    </ClCompile>
    <ClCompile Include="23년 07월\최소비용 구하기.cpp">
      <Filter>소스 파일</Filter>
    </ClCompile>
    <ClCompile Include="23년 07월\듣보잡.cpp">
      <Filter>소스 파일</Filter>
    </ClCompile>
    <ClCompile Include="23년 07월\대칭 차집합.cpp">
      <Filter>소스 파일</Filter>
    </ClCompile>
    <ClCompile Include="23년 07월\서로 다른 부분 문자열의 개수.cpp">
      <Filter>소스 파일</Filter>
    </ClCompile>
    <ClCompile Include="23년 07월\최소공배수.cpp">
      <Filter>소스 파일</Filter>
    </ClCompile>
    <ClCompile Include="23년 07월\최소 힙.cpp">
      <Filter>소스 파일</Filter>
    </ClCompile>
    <ClCompile Include="23년 07월\분수 합.cpp">
      <Filter>소스 파일</Filter>
    </ClCompile>
    <ClCompile Include="23년 07월\공유기 설치.cpp">
      <Filter>소스 파일</Filter>
    </ClCompile>
    <ClCompile Include="23년 07월\가로수.cpp">
      <Filter>소스 파일</Filter>
    </ClCompile>
    <ClCompile Include="23년 07월\인간-컴퓨터 상호작용.cpp">
      <Filter>소스 파일</Filter>
    </ClCompile>
    <ClCompile Include="23년 07월\소수구하기.cpp">
      <Filter>소스 파일</Filter>
    </ClCompile>
    <ClCompile Include="23년 07월\골드바흐 파티션.cpp">
      <Filter>소스 파일</Filter>
    </ClCompile>
    <ClCompile Include="23년 07월\창문 닫기.cpp">
      <Filter>소스 파일</Filter>
    </ClCompile>
    <ClCompile Include="23년 07월\잃어버린 괄호.cpp">
      <Filter>소스 파일</Filter>
    </ClCompile>
    <ClCompile Include="23년 07월\베라의 패션.cpp">
      <Filter>소스 파일</Filter>
    </ClCompile>
    <ClCompile Include="23년 07월\경쟁적 전염.cpp">
      <Filter>소스 파일</Filter>
    </ClCompile>
    <ClCompile Include="23년 07월\다리놓기.cpp">
      <Filter>소스 파일</Filter>
    </ClCompile>
    <ClCompile Include="23년 07월\인사성 밝은 곰곰이.cpp">
      <Filter>소스 파일</Filter>
    </ClCompile>
    <ClCompile Include="23년 07월\붙임성 좋은 총총이.cpp">
      <Filter>소스 파일</Filter>
    </ClCompile>
    <ClCompile Include="23년 07월\별 찍기 - 10.cpp">
      <Filter>소스 파일</Filter>
    </ClCompile>
    <ClCompile Include="23년 07월\통계학.cpp">
      <Filter>소스 파일</Filter>
    </ClCompile>
    <ClCompile Include="23년 07월\영단어 암기는 괴로워.cpp">
      <Filter>소스 파일</Filter>
    </ClCompile>
    <ClCompile Include="23년 07월\스택.cpp">
      <Filter>소스 파일</Filter>
    </ClCompile>
    <ClCompile Include="23년 07월\동전1.cpp">
      <Filter>소스 파일</Filter>
    </ClCompile>
    <ClCompile Include="23년 07월\제로.cpp">
      <Filter>소스 파일</Filter>
    </ClCompile>
    <ClCompile Include="23년 07월\플로이드.cpp">
      <Filter>소스 파일</Filter>
    </ClCompile>
    <ClCompile Include="23년 07월\괄호.cpp">
      <Filter>소스 파일</Filter>
    </ClCompile>
    <ClCompile Include="23년 07월\인구 이동.cpp">
      <Filter>소스 파일</Filter>
    </ClCompile>
    <ClCompile Include="23년 07월\균형잡힌 세상.cpp">
      <Filter>소스 파일</Filter>
    </ClCompile>
    <ClCompile Include="23년 07월\주유소.cpp">
      <Filter>소스 파일</Filter>
    </ClCompile>
    <ClCompile Include="23년 07월\큐2.cpp">
      <Filter>소스 파일</Filter>
    </ClCompile>
    <ClCompile Include="23년 07월\카드2.cpp">
      <Filter>소스 파일</Filter>
    </ClCompile>
    <ClCompile Include="23년 07월\곱셈.cpp">
      <Filter>소스 파일</Filter>
    </ClCompile>
    <ClCompile Include="23년 8월\평범한 배낭.cpp">
      <Filter>소스 파일</Filter>
    </ClCompile>
    <ClCompile Include="23년 8월\프린터 큐.cpp">
      <Filter>소스 파일</Filter>
    </ClCompile>
    <ClCompile Include="23년 8월\덱.cpp">
      <Filter>소스 파일</Filter>
    </ClCompile>
    <ClCompile Include="23년 8월\구간 합 구하기.cpp">
      <Filter>소스 파일</Filter>
    </ClCompile>
    <ClCompile Include="23년 8월\최대 페이지 수.cpp">
      <Filter>소스 파일</Filter>
    </ClCompile>
    <ClCompile Include="23년 8월\수열.cpp">
      <Filter>소스 파일</Filter>
    </ClCompile>
    <ClCompile Include="23년 8월\가장 긴 증가하는 부분 수열.cpp">
      <Filter>소스 파일</Filter>
    </ClCompile>
    <ClCompile Include="23년 8월\나머지 합.cpp">
      <Filter>소스 파일</Filter>
    </ClCompile>
    <ClCompile Include="23년 8월\구간 합 구하기 5.cpp">
      <Filter>소스 파일</Filter>
    </ClCompile>
    <ClCompile Include="23년 8월\체스판 다시 칠하기2.cpp">
      <Filter>소스 파일</Filter>
    </ClCompile>
    <ClCompile Include="23년 8월\유기농 배추.cpp">
      <Filter>소스 파일</Filter>
    </ClCompile>
  </ItemGroup>
</Project>