<?xml version="1.0" encoding="utf-8"?>
<Project ToolsVersion="4.0" xmlns="http://schemas.microsoft.com/developer/msbuild/2003">
  <ItemGroup>
    <ClCompile Include="네트워크.cpp" />
    <ClCompile Include="등굣길.cpp" />
    <ClCompile Include="셔틀버스.cpp" />
    <ClCompile Include="표 편집.cpp" />
    <ClCompile Include="베스트앨범.cpp" />
    <ClCompile Include="섬 연결하기.cpp" />
  </ItemGroup>
</Project>